<?xml version="1.0" encoding="utf-8"?>
<Project ToolsVersion="4.0" xmlns="http://schemas.microsoft.com/developer/msbuild/2003">
  <ItemGroup>
    <ClCompile Include="main_Inheritance.cpp">
      <Filter>FollowUp</Filter>
    </ClCompile>
    <ClCompile Include="main.cpp">
      <Filter>Etc..</Filter>
    </ClCompile>
    <ClCompile Include="Test.cpp" />
    <ClCompile Include="DynamicArray.cpp">
      <Filter>FollowUp</Filter>
    </ClCompile>
  </ItemGroup>
  <ItemGroup>
    <Filter Include="FollowUp">
      <UniqueIdentifier>{38c8c850-b475-44cd-97e1-e6b07ac81d10}</UniqueIdentifier>
    </Filter>
    <Filter Include="Etc..">
      <UniqueIdentifier>{3811a0ca-0fca-47dc-8425-0a1e978e9a0a}</UniqueIdentifier>
    </Filter>
  </ItemGroup>
  <ItemGroup>
    <ClInclude Include="TempleteLinkedList.h">
      <Filter>FollowUp</Filter>
    </ClInclude>
  </ItemGroup>
</Project>