<?xml version="1.0" encoding="utf-8"?>
<Project ToolsVersion="4.0" xmlns="http://schemas.microsoft.com/developer/msbuild/2003">
  <ItemGroup>
    <Filter Include="20230818">
      <UniqueIdentifier>{3f330696-b4cb-465b-b969-f604c701a05c}</UniqueIdentifier>
    </Filter>
    <Filter Include="20230821">
      <UniqueIdentifier>{bbf52ad6-ab3c-4b75-92ab-9c67e718314f}</UniqueIdentifier>
    </Filter>
    <Filter Include="20230822">
      <UniqueIdentifier>{8e0d1e2f-023d-41a5-a0c2-20cbc53dea3c}</UniqueIdentifier>
    </Filter>
    <Filter Include="20230825">
      <UniqueIdentifier>{35cc2401-71e2-4d91-8229-2f6b382617d5}</UniqueIdentifier>
    </Filter>
  </ItemGroup>
  <ItemGroup>
    <ClCompile Include="myList.cpp">
      <Filter>20230818</Filter>
    </ClCompile>
    <ClCompile Include="1.cpp">
      <Filter>20230821</Filter>
    </ClCompile>
    <ClCompile Include="2-4.cpp">
      <Filter>20230821</Filter>
    </ClCompile>
    <ClCompile Include="main.cpp" />
  </ItemGroup>
  <ItemGroup>
    <ClInclude Include="myList.h">
      <Filter>20230818</Filter>
    </ClInclude>
    <ClInclude Include="CList.h">
      <Filter>20230822</Filter>
    </ClInclude>
    <ClInclude Include="BST.h">
      <Filter>20230825</Filter>
    </ClInclude>
  </ItemGroup>
</Project>